
Microsoft Visual Studio Solution File, Format Version 12.00
# Visual Studio Version 17
VisualStudioVersion = 17.5.33627.172
MinimumVisualStudioVersion = 10.0.40219.1
Project("{FAE04EC0-301F-11D3-BF4B-00C04F79EFBC}") = "dataproviderDemo", "dataproviderDemo\dataproviderDemo.csproj", "{33072071-49AA-482F-8271-55F63A0F979E}"
EndProject
Global
	GlobalSection(SolutionConfigurationPlatforms) = preSolution
		Debug|Any CPU = Debug|Any CPU
		Release|Any CPU = Release|Any CPU
	EndGlobalSection
	GlobalSection(ProjectConfigurationPlatforms) = postSolution
		{33072071-49AA-482F-8271-55F63A0F979E}.Debug|Any CPU.ActiveCfg = Debug|Any CPU
		{33072071-49AA-482F-8271-55F63A0F979E}.Debug|Any CPU.Build.0 = Debug|Any CPU
		{33072071-49AA-482F-8271-55F63A0F979E}.Release|Any CPU.ActiveCfg = Release|Any CPU
		{33072071-49AA-482F-8271-55F63A0F979E}.Release|Any CPU.Build.0 = Release|Any CPU
	EndGlobalSection
	GlobalSection(SolutionProperties) = preSolution
		HideSolutionNode = FALSE
	EndGlobalSection
	GlobalSection(ExtensibilityGlobals) = postSolution
		SolutionGuid = {AF3A9EAD-716A-4A2C-9E0F-4CC276539FF7}
	EndGlobalSection
EndGlobal
