
Microsoft Visual Studio Solution File, Format Version 12.00
# Visual Studio Version 17
VisualStudioVersion = 17.5.33627.172
MinimumVisualStudioVersion = 10.0.40219.1
Project("{FAE04EC0-301F-11D3-BF4B-00C04F79EFBC}") = "menu_strips", "menu_strips\menu_strips.csproj", "{7C87E754-2546-4191-968A-02D38B05FA6F}"
EndProject
Global
	GlobalSection(SolutionConfigurationPlatforms) = preSolution
		Debug|Any CPU = Debug|Any CPU
		Release|Any CPU = Release|Any CPU
	EndGlobalSection
	GlobalSection(ProjectConfigurationPlatforms) = postSolution
		{7C87E754-2546-4191-968A-02D38B05FA6F}.Debug|Any CPU.ActiveCfg = Debug|Any CPU
		{7C87E754-2546-4191-968A-02D38B05FA6F}.Debug|Any CPU.Build.0 = Debug|Any CPU
		{7C87E754-2546-4191-968A-02D38B05FA6F}.Release|Any CPU.ActiveCfg = Release|Any CPU
		{7C87E754-2546-4191-968A-02D38B05FA6F}.Release|Any CPU.Build.0 = Release|Any CPU
	EndGlobalSection
	GlobalSection(SolutionProperties) = preSolution
		HideSolutionNode = FALSE
	EndGlobalSection
	GlobalSection(ExtensibilityGlobals) = postSolution
		SolutionGuid = {A9B7CB09-33BB-4E08-9879-4C286781D366}
	EndGlobalSection
EndGlobal
